
Microsoft Visual Studio Solution File, Format Version 12.00
# Visual Studio 15
VisualStudioVersion = 15.0.27004.2005
MinimumVisualStudioVersion = 10.0.40219.1
Project("{FAE04EC0-301F-11D3-BF4B-00C04F79EFBC}") = "do-net-heroku", "do-net-heroku\do-net-heroku.csproj", "{F4D869A2-1272-4322-A70B-B994D681DD44}"
EndProject
Global
	GlobalSection(SolutionConfigurationPlatforms) = preSolution
		Debug|Any CPU = Debug|Any CPU
		Release|Any CPU = Release|Any CPU
	EndGlobalSection
	GlobalSection(ProjectConfigurationPlatforms) = postSolution
		{F4D869A2-1272-4322-A70B-B994D681DD44}.Debug|Any CPU.ActiveCfg = Debug|Any CPU
		{F4D869A2-1272-4322-A70B-B994D681DD44}.Debug|Any CPU.Build.0 = Debug|Any CPU
		{F4D869A2-1272-4322-A70B-B994D681DD44}.Release|Any CPU.ActiveCfg = Release|Any CPU
		{F4D869A2-1272-4322-A70B-B994D681DD44}.Release|Any CPU.Build.0 = Release|Any CPU
	EndGlobalSection
	GlobalSection(SolutionProperties) = preSolution
		HideSolutionNode = FALSE
	EndGlobalSection
	GlobalSection(ExtensibilityGlobals) = postSolution
		SolutionGuid = {481D88E3-B13F-4ECE-9FCB-B69A2E78E1B8}
	EndGlobalSection
EndGlobal
